// !$*UTF8*$!
{
	archiveVersion = 1;
	classes = {
	};
	objectVersion = 50;
	objects = {

/* Begin PBXBuildFile section */
		87B5C84D21075FF0005711D7 /* AppDelegate.swift in Sources */ = {isa = PBXBuildFile; fileRef = 87B5C84C21075FF0005711D7 /* AppDelegate.swift */; };
		87B5C84F21075FF0005711D7 /* ViewController.swift in Sources */ = {isa = PBXBuildFile; fileRef = 87B5C84E21075FF0005711D7 /* ViewController.swift */; };
		87B5C85121075FF1005711D7 /* Assets.xcassets in Resources */ = {isa = PBXBuildFile; fileRef = 87B5C85021075FF1005711D7 /* Assets.xcassets */; };
		87B5C85421075FF1005711D7 /* Main.storyboard in Resources */ = {isa = PBXBuildFile; fileRef = 87B5C85221075FF1005711D7 /* Main.storyboard */; };
		87B5C86021075FF1005711D7 /* RomanNumeralsTests.swift in Sources */ = {isa = PBXBuildFile; fileRef = 87B5C85F21075FF1005711D7 /* RomanNumeralsTests.swift */; };
		87B5C86B210761C1005711D7 /* NumeralConverter.swift in Sources */ = {isa = PBXBuildFile; fileRef = 87B5C86A210761C1005711D7 /* NumeralConverter.swift */; };
/* End PBXBuildFile section */

/* Begin PBXContainerItemProxy section */
		87B5C85C21075FF1005711D7 /* PBXContainerItemProxy */ = {
			isa = PBXContainerItemProxy;
			containerPortal = 87B5C84121075FF0005711D7 /* Project object */;
			proxyType = 1;
			remoteGlobalIDString = 87B5C84821075FF0005711D7;
			remoteInfo = RomanNumerals;
		};
/* End PBXContainerItemProxy section */

/* Begin PBXFileReference section */
		87B5C84921075FF0005711D7 /* RomanNumerals.app */ = {isa = PBXFileReference; explicitFileType = wrapper.application; includeInIndex = 0; path = RomanNumerals.app; sourceTree = BUILT_PRODUCTS_DIR; };
		87B5C84C21075FF0005711D7 /* AppDelegate.swift */ = {isa = PBXFileReference; lastKnownFileType = sourcecode.swift; path = AppDelegate.swift; sourceTree = "<group>"; };
		87B5C84E21075FF0005711D7 /* ViewController.swift */ = {isa = PBXFileReference; lastKnownFileType = sourcecode.swift; path = ViewController.swift; sourceTree = "<group>"; };
		87B5C85021075FF1005711D7 /* Assets.xcassets */ = {isa = PBXFileReference; lastKnownFileType = folder.assetcatalog; path = Assets.xcassets; sourceTree = "<group>"; };
		87B5C85321075FF1005711D7 /* Base */ = {isa = PBXFileReference; lastKnownFileType = file.storyboard; name = Base; path = Base.lproj/Main.storyboard; sourceTree = "<group>"; };
		87B5C85521075FF1005711D7 /* Info.plist */ = {isa = PBXFileReference; lastKnownFileType = text.plist.xml; path = Info.plist; sourceTree = "<group>"; };
		87B5C85621075FF1005711D7 /* RomanNumerals.entitlements */ = {isa = PBXFileReference; lastKnownFileType = text.plist.entitlements; path = RomanNumerals.entitlements; sourceTree = "<group>"; };
		87B5C85B21075FF1005711D7 /* RomanNumeralsTests.xctest */ = {isa = PBXFileReference; explicitFileType = wrapper.cfbundle; includeInIndex = 0; path = RomanNumeralsTests.xctest; sourceTree = BUILT_PRODUCTS_DIR; };
		87B5C85F21075FF1005711D7 /* RomanNumeralsTests.swift */ = {isa = PBXFileReference; lastKnownFileType = sourcecode.swift; path = RomanNumeralsTests.swift; sourceTree = "<group>"; };
		87B5C86121075FF1005711D7 /* Info.plist */ = {isa = PBXFileReference; lastKnownFileType = text.plist.xml; path = Info.plist; sourceTree = "<group>"; };
		87B5C86A210761C1005711D7 /* NumeralConverter.swift */ = {isa = PBXFileReference; lastKnownFileType = sourcecode.swift; path = NumeralConverter.swift; sourceTree = "<group>"; };
/* End PBXFileReference section */

/* Begin PBXFrameworksBuildPhase section */
		87B5C84621075FF0005711D7 /* Frameworks */ = {
			isa = PBXFrameworksBuildPhase;
			buildActionMask = 2147483647;
			files = (
			);
			runOnlyForDeploymentPostprocessing = 0;
		};
		87B5C85821075FF1005711D7 /* Frameworks */ = {
			isa = PBXFrameworksBuildPhase;
			buildActionMask = 2147483647;
			files = (
			);
			runOnlyForDeploymentPostprocessing = 0;
		};
/* End PBXFrameworksBuildPhase section */

/* Begin PBXGroup section */
		87B5C84021075FF0005711D7 = {
			isa = PBXGroup;
			children = (
				87B5C84B21075FF0005711D7 /* RomanNumerals */,
				87B5C85E21075FF1005711D7 /* RomanNumeralsTests */,
				87B5C84A21075FF0005711D7 /* Products */,
			);
			sourceTree = "<group>";
		};
		87B5C84A21075FF0005711D7 /* Products */ = {
			isa = PBXGroup;
			children = (
				87B5C84921075FF0005711D7 /* RomanNumerals.app */,
				87B5C85B21075FF1005711D7 /* RomanNumeralsTests.xctest */,
			);
			name = Products;
			sourceTree = "<group>";
		};
		87B5C84B21075FF0005711D7 /* RomanNumerals */ = {
			isa = PBXGroup;
			children = (
				87B5C84C21075FF0005711D7 /* AppDelegate.swift */,
				87B5C84E21075FF0005711D7 /* ViewController.swift */,
				87B5C85021075FF1005711D7 /* Assets.xcassets */,
				87B5C85221075FF1005711D7 /* Main.storyboard */,
				87B5C85521075FF1005711D7 /* Info.plist */,
				87B5C85621075FF1005711D7 /* RomanNumerals.entitlements */,
				87B5C86A210761C1005711D7 /* NumeralConverter.swift */,
			);
			path = RomanNumerals;
			sourceTree = "<group>";
		};
		87B5C85E21075FF1005711D7 /* RomanNumeralsTests */ = {
			isa = PBXGroup;
			children = (
				87B5C85F21075FF1005711D7 /* RomanNumeralsTests.swift */,
				87B5C86121075FF1005711D7 /* Info.plist */,
			);
			path = RomanNumeralsTests;
			sourceTree = "<group>";
		};
/* End PBXGroup section */

/* Begin PBXNativeTarget section */
		87B5C84821075FF0005711D7 /* RomanNumerals */ = {
			isa = PBXNativeTarget;
			buildConfigurationList = 87B5C86421075FF1005711D7 /* Build configuration list for PBXNativeTarget "RomanNumerals" */;
			buildPhases = (
				87B5C84521075FF0005711D7 /* Sources */,
				87B5C84621075FF0005711D7 /* Frameworks */,
				87B5C84721075FF0005711D7 /* Resources */,
			);
			buildRules = (
			);
			dependencies = (
			);
			name = RomanNumerals;
			productName = RomanNumerals;
			productReference = 87B5C84921075FF0005711D7 /* RomanNumerals.app */;
			productType = "com.apple.product-type.application";
		};
		87B5C85A21075FF1005711D7 /* RomanNumeralsTests */ = {
			isa = PBXNativeTarget;
			buildConfigurationList = 87B5C86721075FF1005711D7 /* Build configuration list for PBXNativeTarget "RomanNumeralsTests" */;
			buildPhases = (
				87B5C85721075FF1005711D7 /* Sources */,
				87B5C85821075FF1005711D7 /* Frameworks */,
				87B5C85921075FF1005711D7 /* Resources */,
			);
			buildRules = (
			);
			dependencies = (
				87B5C85D21075FF1005711D7 /* PBXTargetDependency */,
			);
			name = RomanNumeralsTests;
			productName = RomanNumeralsTests;
			productReference = 87B5C85B21075FF1005711D7 /* RomanNumeralsTests.xctest */;
			productType = "com.apple.product-type.bundle.unit-test";
		};
/* End PBXNativeTarget section */

/* Begin PBXProject section */
		87B5C84121075FF0005711D7 /* Project object */ = {
			isa = PBXProject;
			attributes = {
				LastSwiftUpdateCheck = 0940;
				LastUpgradeCheck = 0940;
				ORGANIZATIONNAME = "Zakaria CHAFIK";
				TargetAttributes = {
					87B5C84821075FF0005711D7 = {
						CreatedOnToolsVersion = 9.4.1;
					};
					87B5C85A21075FF1005711D7 = {
						CreatedOnToolsVersion = 9.4.1;
						TestTargetID = 87B5C84821075FF0005711D7;
					};
				};
			};
			buildConfigurationList = 87B5C84421075FF0005711D7 /* Build configuration list for PBXProject "RomanNumerals" */;
			compatibilityVersion = "Xcode 9.3";
			developmentRegion = en;
			hasScannedForEncodings = 0;
			knownRegions = (
				en,
				Base,
			);
			mainGroup = 87B5C84021075FF0005711D7;
			productRefGroup = 87B5C84A21075FF0005711D7 /* Products */;
			projectDirPath = "";
			projectRoot = "";
			targets = (
				87B5C84821075FF0005711D7 /* RomanNumerals */,
				87B5C85A21075FF1005711D7 /* RomanNumeralsTests */,
			);
		};
/* End PBXProject section */

/* Begin PBXResourcesBuildPhase section */
		87B5C84721075FF0005711D7 /* Resources */ = {
			isa = PBXResourcesBuildPhase;
			buildActionMask = 2147483647;
			files = (
				87B5C85121075FF1005711D7 /* Assets.xcassets in Resources */,
				87B5C85421075FF1005711D7 /* Main.storyboard in Resources */,
			);
			runOnlyForDeploymentPostprocessing = 0;
		};
		87B5C85921075FF1005711D7 /* Resources */ = {
			isa = PBXResourcesBuildPhase;
			buildActionMask = 2147483647;
			files = (
			);
			runOnlyForDeploymentPostprocessing = 0;
		};
/* End PBXResourcesBuildPhase section */

/* Begin PBXSourcesBuildPhase section */
		87B5C84521075FF0005711D7 /* Sources */ = {
			isa = PBXSourcesBuildPhase;
			buildActionMask = 2147483647;
			files = (
				87B5C84F21075FF0005711D7 /* ViewController.swift in Sources */,
				87B5C84D21075FF0005711D7 /* AppDelegate.swift in Sources */,
				87B5C86B210761C1005711D7 /* NumeralConverter.swift in Sources */,
			);
			runOnlyForDeploymentPostprocessing = 0;
		};
		87B5C85721075FF1005711D7 /* Sources */ = {
			isa = PBXSourcesBuildPhase;
			buildActionMask = 2147483647;
			files = (
				87B5C86021075FF1005711D7 /* RomanNumeralsTests.swift in Sources */,
			);
			runOnlyForDeploymentPostprocessing = 0;
		};
/* End PBXSourcesBuildPhase section */

/* Begin PBXTargetDependency section */
		87B5C85D21075FF1005711D7 /* PBXTargetDependency */ = {
			isa = PBXTargetDependency;
			target = 87B5C84821075FF0005711D7 /* RomanNumerals */;
			targetProxy = 87B5C85C21075FF1005711D7 /* PBXContainerItemProxy */;
		};
/* End PBXTargetDependency section */

/* Begin PBXVariantGroup section */
		87B5C85221075FF1005711D7 /* Main.storyboard */ = {
			isa = PBXVariantGroup;
			children = (
				87B5C85321075FF1005711D7 /* Base */,
			);
			name = Main.storyboard;
			sourceTree = "<group>";
		};
/* End PBXVariantGroup section */

/* Begin XCBuildConfiguration section */
		87B5C86221075FF1005711D7 /* Debug */ = {
			isa = XCBuildConfiguration;
			buildSettings = {
				ALWAYS_SEARCH_USER_PATHS = NO;
				CLANG_ANALYZER_NONNULL = YES;
				CLANG_ANALYZER_NUMBER_OBJECT_CONVERSION = YES_AGGRESSIVE;
				CLANG_CXX_LANGUAGE_STANDARD = "gnu++14";
				CLANG_CXX_LIBRARY = "libc++";
				CLANG_ENABLE_MODULES = YES;
				CLANG_ENABLE_OBJC_ARC = YES;
				CLANG_ENABLE_OBJC_WEAK = YES;
				CLANG_WARN_BLOCK_CAPTURE_AUTORELEASING = YES;
				CLANG_WARN_BOOL_CONVERSION = YES;
				CLANG_WARN_COMMA = YES;
				CLANG_WARN_CONSTANT_CONVERSION = YES;
				CLANG_WARN_DEPRECATED_OBJC_IMPLEMENTATIONS = YES;
				CLANG_WARN_DIRECT_OBJC_ISA_USAGE = YES_ERROR;
				CLANG_WARN_DOCUMENTATION_COMMENTS = YES;
				CLANG_WARN_EMPTY_BODY = YES;
				CLANG_WARN_ENUM_CONVERSION = YES;
				CLANG_WARN_INFINITE_RECURSION = YES;
				CLANG_WARN_INT_CONVERSION = YES;
				CLANG_WARN_NON_LITERAL_NULL_CONVERSION = YES;
				CLANG_WARN_OBJC_IMPLICIT_RETAIN_SELF = YES;
				CLANG_WARN_OBJC_LITERAL_CONVERSION = YES;
				CLANG_WARN_OBJC_ROOT_CLASS = YES_ERROR;
				CLANG_WARN_RANGE_LOOP_ANALYSIS = YES;
				CLANG_WARN_STRICT_PROTOTYPES = YES;
				CLANG_WARN_SUSPICIOUS_MOVE = YES;
				CLANG_WARN_UNGUARDED_AVAILABILITY = YES_AGGRESSIVE;
				CLANG_WARN_UNREACHABLE_CODE = YES;
				CLANG_WARN__DUPLICATE_METHOD_MATCH = YES;
				CODE_SIGN_IDENTITY = "Mac Developer";
				COPY_PHASE_STRIP = NO;
				DEBUG_INFORMATION_FORMAT = dwarf;
				ENABLE_STRICT_OBJC_MSGSEND = YES;
				ENABLE_TESTABILITY = YES;
				GCC_C_LANGUAGE_STANDARD = gnu11;
				GCC_DYNAMIC_NO_PIC = NO;
				GCC_NO_COMMON_BLOCKS = YES;
				GCC_OPTIMIZATION_LEVEL = 0;
				GCC_PREPROCESSOR_DEFINITIONS = (
					"DEBUG=1",
					"$(inherited)",
				);
				GCC_WARN_64_TO_32_BIT_CONVERSION = YES;
				GCC_WARN_ABOUT_RETURN_TYPE = YES_ERROR;
				GCC_WARN_UNDECLARED_SELECTOR = YES;
				GCC_WARN_UNINITIALIZED_AUTOS = YES_AGGRESSIVE;
				GCC_WARN_UNUSED_FUNCTION = YES;
				GCC_WARN_UNUSED_VARIABLE = YES;
				MACOSX_DEPLOYMENT_TARGET = 10.13;
				MTL_ENABLE_DEBUG_INFO = YES;
				ONLY_ACTIVE_ARCH = YES;
				SDKROOT = macosx;
				SWIFT_ACTIVE_COMPILATION_CONDITIONS = DEBUG;
				SWIFT_OPTIMIZATION_LEVEL = "-Onone";
			};
			name = Debug;
		};
		87B5C86321075FF1005711D7 /* Release */ = {
			isa = XCBuildConfiguration;
			buildSettings = {
				ALWAYS_SEARCH_USER_PATHS = NO;
				CLANG_ANALYZER_NONNULL = YES;
				CLANG_ANALYZER_NUMBER_OBJECT_CONVERSION = YES_AGGRESSIVE;
				CLANG_CXX_LANGUAGE_STANDARD = "gnu++14";
				CLANG_CXX_LIBRARY = "libc++";
				CLANG_ENABLE_MODULES = YES;
				CLANG_ENABLE_OBJC_ARC = YES;
				CLANG_ENABLE_OBJC_WEAK = YES;
				CLANG_WARN_BLOCK_CAPTURE_AUTORELEASING = YES;
				CLANG_WARN_BOOL_CONVERSION = YES;
				CLANG_WARN_COMMA = YES;
				CLANG_WARN_CONSTANT_CONVERSION = YES;
				CLANG_WARN_DEPRECATED_OBJC_IMPLEMENTATIONS = YES;
				CLANG_WARN_DIRECT_OBJC_ISA_USAGE = YES_ERROR;
				CLANG_WARN_DOCUMENTATION_COMMENTS = YES;
				CLANG_WARN_EMPTY_BODY = YES;
				CLANG_WARN_ENUM_CONVERSION = YES;
				CLANG_WARN_INFINITE_RECURSION = YES;
				CLANG_WARN_INT_CONVERSION = YES;
				CLANG_WARN_NON_LITERAL_NULL_CONVERSION = YES;
				CLANG_WARN_OBJC_IMPLICIT_RETAIN_SELF = YES;
				CLANG_WARN_OBJC_LITERAL_CONVERSION = YES;
				CLANG_WARN_OBJC_ROOT_CLASS = YES_ERROR;
				CLANG_WARN_RANGE_LOOP_ANALYSIS = YES;
				CLANG_WARN_STRICT_PROTOTYPES = YES;
				CLANG_WARN_SUSPICIOUS_MOVE = YES;
				CLANG_WARN_UNGUARDED_AVAILABILITY = YES_AGGRESSIVE;
				CLANG_WARN_UNREACHABLE_CODE = YES;
				CLANG_WARN__DUPLICATE_METHOD_MATCH = YES;
				CODE_SIGN_IDENTITY = "Mac Developer";
				COPY_PHASE_STRIP = NO;
				DEBUG_INFORMATION_FORMAT = "dwarf-with-dsym";
				ENABLE_NS_ASSERTIONS = NO;
				ENABLE_STRICT_OBJC_MSGSEND = YES;
				GCC_C_LANGUAGE_STANDARD = gnu11;
				GCC_NO_COMMON_BLOCKS = YES;
				GCC_WARN_64_TO_32_BIT_CONVERSION = YES;
				GCC_WARN_ABOUT_RETURN_TYPE = YES_ERROR;
				GCC_WARN_UNDECLARED_SELECTOR = YES;
				GCC_WARN_UNINITIALIZED_AUTOS = YES_AGGRESSIVE;
				GCC_WARN_UNUSED_FUNCTION = YES;
				GCC_WARN_UNUSED_VARIABLE = YES;
				MACOSX_DEPLOYMENT_TARGET = 10.13;
				MTL_ENABLE_DEBUG_INFO = NO;
				SDKROOT = macosx;
				SWIFT_COMPILATION_MODE = wholemodule;
				SWIFT_OPTIMIZATION_LEVEL = "-O";
			};
			name = Release;
		};
		87B5C86521075FF1005711D7 /* Debug */ = {
			isa = XCBuildConfiguration;
			buildSettings = {
				ASSETCATALOG_COMPILER_APPICON_NAME = AppIcon;
				CODE_SIGN_ENTITLEMENTS = RomanNumerals/RomanNumerals.entitlements;
				CODE_SIGN_STYLE = Automatic;
				COMBINE_HIDPI_IMAGES = YES;
				DEVELOPMENT_TEAM = SVCJXF73TH;
				INFOPLIST_FILE = RomanNumerals/Info.plist;
				LD_RUNPATH_SEARCH_PATHS = (
					"$(inherited)",
					"@executable_path/../Frameworks",
				);
				PRODUCT_BUNDLE_IDENTIFIER = com.neroxe.RomanNumerals;
				PRODUCT_NAME = "$(TARGET_NAME)";
				SWIFT_VERSION = 4.0;
			};
			name = Debug;
		};
		87B5C86621075FF1005711D7 /* Release */ = {
			isa = XCBuildConfiguration;
			buildSettings = {
				ASSETCATALOG_COMPILER_APPICON_NAME = AppIcon;
				CODE_SIGN_ENTITLEMENTS = RomanNumerals/RomanNumerals.entitlements;
				CODE_SIGN_STYLE = Automatic;
				COMBINE_HIDPI_IMAGES = YES;
				DEVELOPMENT_TEAM = SVCJXF73TH;
				INFOPLIST_FILE = RomanNumerals/Info.plist;
				LD_RUNPATH_SEARCH_PATHS = (
					"$(inherited)",
					"@executable_path/../Frameworks",
				);
				PRODUCT_BUNDLE_IDENTIFIER = com.neroxe.RomanNumerals;
				PRODUCT_NAME = "$(TARGET_NAME)";
				SWIFT_VERSION = 4.0;
			};
			name = Release;
		};
		87B5C86821075FF1005711D7 /* Debug */ = {
			isa = XCBuildConfiguration;
			buildSettings = {
				ALWAYS_EMBED_SWIFT_STANDARD_LIBRARIES = YES;
				BUNDLE_LOADER = "$(TEST_HOST)";
				CODE_SIGN_STYLE = Automatic;
				COMBINE_HIDPI_IMAGES = YES;
				DEVELOPMENT_TEAM = SVCJXF73TH;
				INFOPLIST_FILE = RomanNumeralsTests/Info.plist;
				LD_RUNPATH_SEARCH_PATHS = (
					"$(inherited)",
					"@executable_path/../Frameworks",
					"@loader_path/../Frameworks",
				);
				PRODUCT_BUNDLE_IDENTIFIER = com.neroxe.RomanNumeralsTests;
				PRODUCT_NAME = "$(TARGET_NAME)";
				SWIFT_VERSION = 4.0;
				TEST_HOST = "$(BUILT_PRODUCTS_DIR)/RomanNumerals.app/Contents/MacOS/RomanNumerals";
			};
			name = Debug;
		};
		87B5C86921075FF1005711D7 /* Release */ = {
			isa = XCBuildConfiguration;
			buildSettings = {
				ALWAYS_EMBED_SWIFT_STANDARD_LIBRARIES = YES;
				BUNDLE_LOADER = "$(TEST_HOST)";
				CODE_SIGN_STYLE = Automatic;
				COMBINE_HIDPI_IMAGES = YES;
				DEVELOPMENT_TEAM = SVCJXF73TH;
				INFOPLIST_FILE = RomanNumeralsTests/Info.plist;
				LD_RUNPATH_SEARCH_PATHS = (
					"$(inherited)",
					"@executable_path/../Frameworks",
					"@loader_path/../Frameworks",
				);
				PRODUCT_BUNDLE_IDENTIFIER = com.neroxe.RomanNumeralsTests;
				PRODUCT_NAME = "$(TARGET_NAME)";
				SWIFT_VERSION = 4.0;
				TEST_HOST = "$(BUILT_PRODUCTS_DIR)/RomanNumerals.app/Contents/MacOS/RomanNumerals";
			};
			name = Release;
		};
/* End XCBuildConfiguration section */

/* Begin XCConfigurationList section */
		87B5C84421075FF0005711D7 /* Build configuration list for PBXProject "RomanNumerals" */ = {
			isa = XCConfigurationList;
			buildConfigurations = (
				87B5C86221075FF1005711D7 /* Debug */,
				87B5C86321075FF1005711D7 /* Release */,
			);
			defaultConfigurationIsVisible = 0;
			defaultConfigurationName = Release;
		};
		87B5C86421075FF1005711D7 /* Build configuration list for PBXNativeTarget "RomanNumerals" */ = {
			isa = XCConfigurationList;
			buildConfigurations = (
				87B5C86521075FF1005711D7 /* Debug */,
				87B5C86621075FF1005711D7 /* Release */,
			);
			defaultConfigurationIsVisible = 0;
			defaultConfigurationName = Release;
		};
		87B5C86721075FF1005711D7 /* Build configuration list for PBXNativeTarget "RomanNumeralsTests" */ = {
			isa = XCConfigurationList;
			buildConfigurations = (
				87B5C86821075FF1005711D7 /* Debug */,
				87B5C86921075FF1005711D7 /* Release */,
			);
			defaultConfigurationIsVisible = 0;
			defaultConfigurationName = Release;
		};
/* End XCConfigurationList section */
	};
	rootObject = 87B5C84121075FF0005711D7 /* Project object */;
}
